
Microsoft Visual Studio Solution File, Format Version 12.00
# Visual Studio Version 17
VisualStudioVersion = 17.14.36511.14 d17.14
MinimumVisualStudioVersion = 10.0.40219.1
Project("{FAE04EC0-301F-11D3-BF4B-00C04F79EFBC}") = "dotnet-mvc-first-app", "dotnet-mvc-first-app\dotnet-mvc-first-app.csproj", "{DD9ACF4A-B480-437B-B8AD-758BB9213618}"
EndProject
Global
	GlobalSection(SolutionConfigurationPlatforms) = preSolution
		Debug|Any CPU = Debug|Any CPU
		Release|Any CPU = Release|Any CPU
	EndGlobalSection
	GlobalSection(ProjectConfigurationPlatforms) = postSolution
		{DD9ACF4A-B480-437B-B8AD-758BB9213618}.Debug|Any CPU.ActiveCfg = Debug|Any CPU
		{DD9ACF4A-B480-437B-B8AD-758BB9213618}.Debug|Any CPU.Build.0 = Debug|Any CPU
		{DD9ACF4A-B480-437B-B8AD-758BB9213618}.Release|Any CPU.ActiveCfg = Release|Any CPU
		{DD9ACF4A-B480-437B-B8AD-758BB9213618}.Release|Any CPU.Build.0 = Release|Any CPU
	EndGlobalSection
	GlobalSection(SolutionProperties) = preSolution
		HideSolutionNode = FALSE
	EndGlobalSection
	GlobalSection(ExtensibilityGlobals) = postSolution
		SolutionGuid = {7720EA46-C95D-4CF0-AFD4-74858B088112}
	EndGlobalSection
EndGlobal
